// !$*UTF8*$!
{
	archiveVersion = 1;
	classes = {
	};
	objectVersion = 56;
	objects = {

/* Begin PBXBuildFile section */
		698C4EC12A690A510062ED55 /* WidgetApp.swift in Sources */ = {isa = PBXBuildFile; fileRef = 698C4EC02A690A510062ED55 /* WidgetApp.swift */; };
		698C4EC32A690A510062ED55 /* ContentView.swift in Sources */ = {isa = PBXBuildFile; fileRef = 698C4EC22A690A510062ED55 /* ContentView.swift */; };
		698C4EC52A690A530062ED55 /* Assets.xcassets in Resources */ = {isa = PBXBuildFile; fileRef = 698C4EC42A690A530062ED55 /* Assets.xcassets */; };
		698C4EC82A690A530062ED55 /* Preview Assets.xcassets in Resources */ = {isa = PBXBuildFile; fileRef = 698C4EC72A690A530062ED55 /* Preview Assets.xcassets */; };
		698C4ED52A690A9C0062ED55 /* WidgetKit.framework in Frameworks */ = {isa = PBXBuildFile; fileRef = 698C4ED42A690A9C0062ED55 /* WidgetKit.framework */; };
		698C4ED72A690A9D0062ED55 /* SwiftUI.framework in Frameworks */ = {isa = PBXBuildFile; fileRef = 698C4ED62A690A9D0062ED55 /* SwiftUI.framework */; };
		698C4EDA2A690A9D0062ED55 /* NEU_Bundle.swift in Sources */ = {isa = PBXBuildFile; fileRef = 698C4ED92A690A9D0062ED55 /* NEU_Bundle.swift */; };
		698C4EDC2A690A9D0062ED55 /* NEU_LiveActivity.swift in Sources */ = {isa = PBXBuildFile; fileRef = 698C4EDB2A690A9D0062ED55 /* NEU_LiveActivity.swift */; };
		698C4EDE2A690A9D0062ED55 /* NEU_.swift in Sources */ = {isa = PBXBuildFile; fileRef = 698C4EDD2A690A9D0062ED55 /* NEU_.swift */; };
		698C4EE12A690A9F0062ED55 /* Assets.xcassets in Resources */ = {isa = PBXBuildFile; fileRef = 698C4EE02A690A9F0062ED55 /* Assets.xcassets */; };
		698C4EE32A690A9F0062ED55 /* NEU_.intentdefinition in Sources */ = {isa = PBXBuildFile; fileRef = 698C4EDF2A690A9D0062ED55 /* NEU_.intentdefinition */; };
		698C4EE42A690A9F0062ED55 /* NEU_.intentdefinition in Sources */ = {isa = PBXBuildFile; fileRef = 698C4EDF2A690A9D0062ED55 /* NEU_.intentdefinition */; };
		698C4EE72A690A9F0062ED55 /* NEƯExtension.appex in Embed Foundation Extensions */ = {isa = PBXBuildFile; fileRef = 698C4ED22A690A9C0062ED55 /* NEƯExtension.appex */; settings = {ATTRIBUTES = (RemoveHeadersOnCopy, ); }; };
/* End PBXBuildFile section */

/* Begin PBXContainerItemProxy section */
		698C4EE52A690A9F0062ED55 /* PBXContainerItemProxy */ = {
			isa = PBXContainerItemProxy;
			containerPortal = 698C4EB52A690A510062ED55 /* Project object */;
			proxyType = 1;
			remoteGlobalIDString = 698C4ED12A690A9C0062ED55;
			remoteInfo = "NEƯExtension";
		};
/* End PBXContainerItemProxy section */

/* Begin PBXCopyFilesBuildPhase section */
		698C4EEB2A690A9F0062ED55 /* Embed Foundation Extensions */ = {
			isa = PBXCopyFilesBuildPhase;
			buildActionMask = 2147483647;
			dstPath = "";
			dstSubfolderSpec = 13;
			files = (
				698C4EE72A690A9F0062ED55 /* NEƯExtension.appex in Embed Foundation Extensions */,
			);
			name = "Embed Foundation Extensions";
			runOnlyForDeploymentPostprocessing = 0;
		};
/* End PBXCopyFilesBuildPhase section */

/* Begin PBXFileReference section */
		698C4EBD2A690A510062ED55 /* Widget.app */ = {isa = PBXFileReference; explicitFileType = wrapper.application; includeInIndex = 0; path = Widget.app; sourceTree = BUILT_PRODUCTS_DIR; };
		698C4EC02A690A510062ED55 /* WidgetApp.swift */ = {isa = PBXFileReference; lastKnownFileType = sourcecode.swift; path = WidgetApp.swift; sourceTree = "<group>"; };
		698C4EC22A690A510062ED55 /* ContentView.swift */ = {isa = PBXFileReference; lastKnownFileType = sourcecode.swift; path = ContentView.swift; sourceTree = "<group>"; };
		698C4EC42A690A530062ED55 /* Assets.xcassets */ = {isa = PBXFileReference; lastKnownFileType = folder.assetcatalog; path = Assets.xcassets; sourceTree = "<group>"; };
		698C4EC72A690A530062ED55 /* Preview Assets.xcassets */ = {isa = PBXFileReference; lastKnownFileType = folder.assetcatalog; path = "Preview Assets.xcassets"; sourceTree = "<group>"; };
		698C4ED22A690A9C0062ED55 /* NEƯExtension.appex */ = {isa = PBXFileReference; explicitFileType = "wrapper.app-extension"; includeInIndex = 0; path = "NEƯExtension.appex"; sourceTree = BUILT_PRODUCTS_DIR; };
		698C4ED42A690A9C0062ED55 /* WidgetKit.framework */ = {isa = PBXFileReference; lastKnownFileType = wrapper.framework; name = WidgetKit.framework; path = System/Library/Frameworks/WidgetKit.framework; sourceTree = SDKROOT; };
		698C4ED62A690A9D0062ED55 /* SwiftUI.framework */ = {isa = PBXFileReference; lastKnownFileType = wrapper.framework; name = SwiftUI.framework; path = System/Library/Frameworks/SwiftUI.framework; sourceTree = SDKROOT; };
		698C4ED92A690A9D0062ED55 /* NEU_Bundle.swift */ = {isa = PBXFileReference; lastKnownFileType = sourcecode.swift; name = NEU_Bundle.swift; path = "../NEƯ/NEU_Bundle.swift"; sourceTree = "<group>"; };
		698C4EDB2A690A9D0062ED55 /* NEU_LiveActivity.swift */ = {isa = PBXFileReference; lastKnownFileType = sourcecode.swift; name = NEU_LiveActivity.swift; path = "../NEƯ/NEU_LiveActivity.swift"; sourceTree = "<group>"; };
		698C4EDD2A690A9D0062ED55 /* NEU_.swift */ = {isa = PBXFileReference; lastKnownFileType = sourcecode.swift; name = NEU_.swift; path = "../NEƯ/NEU_.swift"; sourceTree = "<group>"; };
		698C4EDF2A690A9D0062ED55 /* NEU_.intentdefinition */ = {isa = PBXFileReference; lastKnownFileType = file.intentdefinition; name = NEU_.intentdefinition; path = "../NEƯ/NEU_.intentdefinition"; sourceTree = "<group>"; };
		698C4EE02A690A9F0062ED55 /* Assets.xcassets */ = {isa = PBXFileReference; lastKnownFileType = folder.assetcatalog; name = Assets.xcassets; path = "../NEƯ/Assets.xcassets"; sourceTree = "<group>"; };
		698C4EE22A690A9F0062ED55 /* Info.plist */ = {isa = PBXFileReference; lastKnownFileType = text.plist.xml; name = Info.plist; path = "../NEƯ/Info.plist"; sourceTree = "<group>"; };
/* End PBXFileReference section */

/* Begin PBXFrameworksBuildPhase section */
		698C4EBA2A690A510062ED55 /* Frameworks */ = {
			isa = PBXFrameworksBuildPhase;
			buildActionMask = 2147483647;
			files = (
			);
			runOnlyForDeploymentPostprocessing = 0;
		};
		698C4ECF2A690A9C0062ED55 /* Frameworks */ = {
			isa = PBXFrameworksBuildPhase;
			buildActionMask = 2147483647;
			files = (
				698C4ED72A690A9D0062ED55 /* SwiftUI.framework in Frameworks */,
				698C4ED52A690A9C0062ED55 /* WidgetKit.framework in Frameworks */,
			);
			runOnlyForDeploymentPostprocessing = 0;
		};
/* End PBXFrameworksBuildPhase section */

/* Begin PBXGroup section */
		698C4EB42A690A510062ED55 = {
			isa = PBXGroup;
			children = (
				698C4EBF2A690A510062ED55 /* Widget */,
				698C4ED82A690A9D0062ED55 /* NEƯ */,
				698C4ED32A690A9C0062ED55 /* Frameworks */,
				698C4EBE2A690A510062ED55 /* Products */,
			);
			sourceTree = "<group>";
		};
		698C4EBE2A690A510062ED55 /* Products */ = {
			isa = PBXGroup;
			children = (
				698C4EBD2A690A510062ED55 /* Widget.app */,
				698C4ED22A690A9C0062ED55 /* NEƯExtension.appex */,
			);
			name = Products;
			sourceTree = "<group>";
		};
		698C4EBF2A690A510062ED55 /* Widget */ = {
			isa = PBXGroup;
			children = (
				698C4EC02A690A510062ED55 /* WidgetApp.swift */,
				698C4EC22A690A510062ED55 /* ContentView.swift */,
				698C4EC42A690A530062ED55 /* Assets.xcassets */,
				698C4EC62A690A530062ED55 /* Preview Content */,
			);
			path = Widget;
			sourceTree = "<group>";
		};
		698C4EC62A690A530062ED55 /* Preview Content */ = {
			isa = PBXGroup;
			children = (
				698C4EC72A690A530062ED55 /* Preview Assets.xcassets */,
			);
			path = "Preview Content";
			sourceTree = "<group>";
		};
		698C4ED32A690A9C0062ED55 /* Frameworks */ = {
			isa = PBXGroup;
			children = (
				698C4ED42A690A9C0062ED55 /* WidgetKit.framework */,
				698C4ED62A690A9D0062ED55 /* SwiftUI.framework */,
			);
			name = Frameworks;
			sourceTree = "<group>";
		};
		698C4ED82A690A9D0062ED55 /* NEƯ */ = {
			isa = PBXGroup;
			children = (
				698C4ED92A690A9D0062ED55 /* NEU_Bundle.swift */,
				698C4EDB2A690A9D0062ED55 /* NEU_LiveActivity.swift */,
				698C4EDD2A690A9D0062ED55 /* NEU_.swift */,
				698C4EDF2A690A9D0062ED55 /* NEU_.intentdefinition */,
				698C4EE02A690A9F0062ED55 /* Assets.xcassets */,
				698C4EE22A690A9F0062ED55 /* Info.plist */,
			);
			path = "NEƯ";
			sourceTree = "<group>";
		};
/* End PBXGroup section */

/* Begin PBXNativeTarget section */
		698C4EBC2A690A510062ED55 /* Widget */ = {
			isa = PBXNativeTarget;
			buildConfigurationList = 698C4ECB2A690A530062ED55 /* Build configuration list for PBXNativeTarget "Widget" */;
			buildPhases = (
				698C4EB92A690A510062ED55 /* Sources */,
				698C4EBA2A690A510062ED55 /* Frameworks */,
				698C4EBB2A690A510062ED55 /* Resources */,
				698C4EEB2A690A9F0062ED55 /* Embed Foundation Extensions */,
			);
			buildRules = (
			);
			dependencies = (
				698C4EE62A690A9F0062ED55 /* PBXTargetDependency */,
			);
			name = Widget;
			productName = Widget;
			productReference = 698C4EBD2A690A510062ED55 /* Widget.app */;
			productType = "com.apple.product-type.application";
		};
		698C4ED12A690A9C0062ED55 /* NEƯExtension */ = {
			isa = PBXNativeTarget;
			buildConfigurationList = 698C4EE82A690A9F0062ED55 /* Build configuration list for PBXNativeTarget "NEƯExtension" */;
			buildPhases = (
				698C4ECE2A690A9C0062ED55 /* Sources */,
				698C4ECF2A690A9C0062ED55 /* Frameworks */,
				698C4ED02A690A9C0062ED55 /* Resources */,
			);
			buildRules = (
			);
			dependencies = (
			);
			name = "NEƯExtension";
			productName = "NEƯExtension";
			productReference = 698C4ED22A690A9C0062ED55 /* NEƯExtension.appex */;
			productType = "com.apple.product-type.app-extension";
		};
/* End PBXNativeTarget section */

/* Begin PBXProject section */
		698C4EB52A690A510062ED55 /* Project object */ = {
			isa = PBXProject;
			attributes = {
				BuildIndependentTargetsInParallel = 1;
				LastSwiftUpdateCheck = 1420;
				LastUpgradeCheck = 1420;
				TargetAttributes = {
					698C4EBC2A690A510062ED55 = {
						CreatedOnToolsVersion = 14.2;
					};
					698C4ED12A690A9C0062ED55 = {
						CreatedOnToolsVersion = 14.2;
					};
				};
			};
			buildConfigurationList = 698C4EB82A690A510062ED55 /* Build configuration list for PBXProject "Widget" */;
			compatibilityVersion = "Xcode 14.0";
			developmentRegion = en;
			hasScannedForEncodings = 0;
			knownRegions = (
				en,
				Base,
			);
			mainGroup = 698C4EB42A690A510062ED55;
			productRefGroup = 698C4EBE2A690A510062ED55 /* Products */;
			projectDirPath = "";
			projectRoot = "";
			targets = (
				698C4EBC2A690A510062ED55 /* Widget */,
				698C4ED12A690A9C0062ED55 /* NEƯExtension */,
			);
		};
/* End PBXProject section */

/* Begin PBXResourcesBuildPhase section */
		698C4EBB2A690A510062ED55 /* Resources */ = {
			isa = PBXResourcesBuildPhase;
			buildActionMask = 2147483647;
			files = (
				698C4EC82A690A530062ED55 /* Preview Assets.xcassets in Resources */,
				698C4EC52A690A530062ED55 /* Assets.xcassets in Resources */,
			);
			runOnlyForDeploymentPostprocessing = 0;
		};
		698C4ED02A690A9C0062ED55 /* Resources */ = {
			isa = PBXResourcesBuildPhase;
			buildActionMask = 2147483647;
			files = (
				698C4EE12A690A9F0062ED55 /* Assets.xcassets in Resources */,
			);
			runOnlyForDeploymentPostprocessing = 0;
		};
/* End PBXResourcesBuildPhase section */

/* Begin PBXSourcesBuildPhase section */
		698C4EB92A690A510062ED55 /* Sources */ = {
			isa = PBXSourcesBuildPhase;
			buildActionMask = 2147483647;
			files = (
				698C4EE42A690A9F0062ED55 /* NEU_.intentdefinition in Sources */,
				698C4EC32A690A510062ED55 /* ContentView.swift in Sources */,
				698C4EC12A690A510062ED55 /* WidgetApp.swift in Sources */,
			);
			runOnlyForDeploymentPostprocessing = 0;
		};
		698C4ECE2A690A9C0062ED55 /* Sources */ = {
			isa = PBXSourcesBuildPhase;
			buildActionMask = 2147483647;
			files = (
				698C4EDA2A690A9D0062ED55 /* NEU_Bundle.swift in Sources */,
				698C4EE32A690A9F0062ED55 /* NEU_.intentdefinition in Sources */,
				698C4EDE2A690A9D0062ED55 /* NEU_.swift in Sources */,
				698C4EDC2A690A9D0062ED55 /* NEU_LiveActivity.swift in Sources */,
			);
			runOnlyForDeploymentPostprocessing = 0;
		};
/* End PBXSourcesBuildPhase section */

/* Begin PBXTargetDependency section */
		698C4EE62A690A9F0062ED55 /* PBXTargetDependency */ = {
			isa = PBXTargetDependency;
			target = 698C4ED12A690A9C0062ED55 /* NEƯExtension */;
			targetProxy = 698C4EE52A690A9F0062ED55 /* PBXContainerItemProxy */;
		};
/* End PBXTargetDependency section */

/* Begin XCBuildConfiguration section */
		698C4EC92A690A530062ED55 /* Debug */ = {
			isa = XCBuildConfiguration;
			buildSettings = {
				ALWAYS_SEARCH_USER_PATHS = NO;
				CLANG_ANALYZER_NONNULL = YES;
				CLANG_ANALYZER_NUMBER_OBJECT_CONVERSION = YES_AGGRESSIVE;
				CLANG_CXX_LANGUAGE_STANDARD = "gnu++20";
				CLANG_ENABLE_MODULES = YES;
				CLANG_ENABLE_OBJC_ARC = YES;
				CLANG_ENABLE_OBJC_WEAK = YES;
				CLANG_WARN_BLOCK_CAPTURE_AUTORELEASING = YES;
				CLANG_WARN_BOOL_CONVERSION = YES;
				CLANG_WARN_COMMA = YES;
				CLANG_WARN_CONSTANT_CONVERSION = YES;
				CLANG_WARN_DEPRECATED_OBJC_IMPLEMENTATIONS = YES;
				CLANG_WARN_DIRECT_OBJC_ISA_USAGE = YES_ERROR;
				CLANG_WARN_DOCUMENTATION_COMMENTS = YES;
				CLANG_WARN_EMPTY_BODY = YES;
				CLANG_WARN_ENUM_CONVERSION = YES;
				CLANG_WARN_INFINITE_RECURSION = YES;
				CLANG_WARN_INT_CONVERSION = YES;
				CLANG_WARN_NON_LITERAL_NULL_CONVERSION = YES;
				CLANG_WARN_OBJC_IMPLICIT_RETAIN_SELF = YES;
				CLANG_WARN_OBJC_LITERAL_CONVERSION = YES;
				CLANG_WARN_OBJC_ROOT_CLASS = YES_ERROR;
				CLANG_WARN_QUOTED_INCLUDE_IN_FRAMEWORK_HEADER = YES;
				CLANG_WARN_RANGE_LOOP_ANALYSIS = YES;
				CLANG_WARN_STRICT_PROTOTYPES = YES;
				CLANG_WARN_SUSPICIOUS_MOVE = YES;
				CLANG_WARN_UNGUARDED_AVAILABILITY = YES_AGGRESSIVE;
				CLANG_WARN_UNREACHABLE_CODE = YES;
				CLANG_WARN__DUPLICATE_METHOD_MATCH = YES;
				COPY_PHASE_STRIP = NO;
				DEBUG_INFORMATION_FORMAT = dwarf;
				ENABLE_STRICT_OBJC_MSGSEND = YES;
				ENABLE_TESTABILITY = YES;
				GCC_C_LANGUAGE_STANDARD = gnu11;
				GCC_DYNAMIC_NO_PIC = NO;
				GCC_NO_COMMON_BLOCKS = YES;
				GCC_OPTIMIZATION_LEVEL = 0;
				GCC_PREPROCESSOR_DEFINITIONS = (
					"DEBUG=1",
					"$(inherited)",
				);
				GCC_WARN_64_TO_32_BIT_CONVERSION = YES;
				GCC_WARN_ABOUT_RETURN_TYPE = YES_ERROR;
				GCC_WARN_UNDECLARED_SELECTOR = YES;
				GCC_WARN_UNINITIALIZED_AUTOS = YES_AGGRESSIVE;
				GCC_WARN_UNUSED_FUNCTION = YES;
				GCC_WARN_UNUSED_VARIABLE = YES;
				IPHONEOS_DEPLOYMENT_TARGET = 16.2;
				MTL_ENABLE_DEBUG_INFO = INCLUDE_SOURCE;
				MTL_FAST_MATH = YES;
				ONLY_ACTIVE_ARCH = YES;
				SDKROOT = iphoneos;
				SWIFT_ACTIVE_COMPILATION_CONDITIONS = DEBUG;
				SWIFT_OPTIMIZATION_LEVEL = "-Onone";
			};
			name = Debug;
		};
		698C4ECA2A690A530062ED55 /* Release */ = {
			isa = XCBuildConfiguration;
			buildSettings = {
				ALWAYS_SEARCH_USER_PATHS = NO;
				CLANG_ANALYZER_NONNULL = YES;
				CLANG_ANALYZER_NUMBER_OBJECT_CONVERSION = YES_AGGRESSIVE;
				CLANG_CXX_LANGUAGE_STANDARD = "gnu++20";
				CLANG_ENABLE_MODULES = YES;
				CLANG_ENABLE_OBJC_ARC = YES;
				CLANG_ENABLE_OBJC_WEAK = YES;
				CLANG_WARN_BLOCK_CAPTURE_AUTORELEASING = YES;
				CLANG_WARN_BOOL_CONVERSION = YES;
				CLANG_WARN_COMMA = YES;
				CLANG_WARN_CONSTANT_CONVERSION = YES;
				CLANG_WARN_DEPRECATED_OBJC_IMPLEMENTATIONS = YES;
				CLANG_WARN_DIRECT_OBJC_ISA_USAGE = YES_ERROR;
				CLANG_WARN_DOCUMENTATION_COMMENTS = YES;
				CLANG_WARN_EMPTY_BODY = YES;
				CLANG_WARN_ENUM_CONVERSION = YES;
				CLANG_WARN_INFINITE_RECURSION = YES;
				CLANG_WARN_INT_CONVERSION = YES;
				CLANG_WARN_NON_LITERAL_NULL_CONVERSION = YES;
				CLANG_WARN_OBJC_IMPLICIT_RETAIN_SELF = YES;
				CLANG_WARN_OBJC_LITERAL_CONVERSION = YES;
				CLANG_WARN_OBJC_ROOT_CLASS = YES_ERROR;
				CLANG_WARN_QUOTED_INCLUDE_IN_FRAMEWORK_HEADER = YES;
				CLANG_WARN_RANGE_LOOP_ANALYSIS = YES;
				CLANG_WARN_STRICT_PROTOTYPES = YES;
				CLANG_WARN_SUSPICIOUS_MOVE = YES;
				CLANG_WARN_UNGUARDED_AVAILABILITY = YES_AGGRESSIVE;
				CLANG_WARN_UNREACHABLE_CODE = YES;
				CLANG_WARN__DUPLICATE_METHOD_MATCH = YES;
				COPY_PHASE_STRIP = NO;
				DEBUG_INFORMATION_FORMAT = "dwarf-with-dsym";
				ENABLE_NS_ASSERTIONS = NO;
				ENABLE_STRICT_OBJC_MSGSEND = YES;
				GCC_C_LANGUAGE_STANDARD = gnu11;
				GCC_NO_COMMON_BLOCKS = YES;
				GCC_WARN_64_TO_32_BIT_CONVERSION = YES;
				GCC_WARN_ABOUT_RETURN_TYPE = YES_ERROR;
				GCC_WARN_UNDECLARED_SELECTOR = YES;
				GCC_WARN_UNINITIALIZED_AUTOS = YES_AGGRESSIVE;
				GCC_WARN_UNUSED_FUNCTION = YES;
				GCC_WARN_UNUSED_VARIABLE = YES;
				IPHONEOS_DEPLOYMENT_TARGET = 16.2;
				MTL_ENABLE_DEBUG_INFO = NO;
				MTL_FAST_MATH = YES;
				SDKROOT = iphoneos;
				SWIFT_COMPILATION_MODE = wholemodule;
				SWIFT_OPTIMIZATION_LEVEL = "-O";
				VALIDATE_PRODUCT = YES;
			};
			name = Release;
		};
		698C4ECC2A690A530062ED55 /* Debug */ = {
			isa = XCBuildConfiguration;
			buildSettings = {
				ALWAYS_EMBED_SWIFT_STANDARD_LIBRARIES = YES;
				ASSETCATALOG_COMPILER_APPICON_NAME = AppIcon;
				ASSETCATALOG_COMPILER_GLOBAL_ACCENT_COLOR_NAME = AccentColor;
				CODE_SIGN_STYLE = Automatic;
				CURRENT_PROJECT_VERSION = 1;
				DEVELOPMENT_ASSET_PATHS = "\"Widget/Preview Content\"";
				ENABLE_PREVIEWS = YES;
				GENERATE_INFOPLIST_FILE = YES;
				INFOPLIST_KEY_UIApplicationSceneManifest_Generation = YES;
				INFOPLIST_KEY_UIApplicationSupportsIndirectInputEvents = YES;
				INFOPLIST_KEY_UILaunchScreen_Generation = YES;
				INFOPLIST_KEY_UISupportedInterfaceOrientations_iPad = "UIInterfaceOrientationPortrait UIInterfaceOrientationPortraitUpsideDown UIInterfaceOrientationLandscapeLeft UIInterfaceOrientationLandscapeRight";
				INFOPLIST_KEY_UISupportedInterfaceOrientations_iPhone = "UIInterfaceOrientationPortrait UIInterfaceOrientationLandscapeLeft UIInterfaceOrientationLandscapeRight";
				LD_RUNPATH_SEARCH_PATHS = (
					"$(inherited)",
					"@executable_path/Frameworks",
				);
				MARKETING_VERSION = 1.0;
				PRODUCT_BUNDLE_IDENTIFIER = "-.Widget";
				PRODUCT_NAME = "$(TARGET_NAME)";
				SWIFT_EMIT_LOC_STRINGS = YES;
				SWIFT_VERSION = 5.0;
				TARGETED_DEVICE_FAMILY = "1,2";
			};
			name = Debug;
		};
		698C4ECD2A690A530062ED55 /* Release */ = {
			isa = XCBuildConfiguration;
			buildSettings = {
				ALWAYS_EMBED_SWIFT_STANDARD_LIBRARIES = YES;
				ASSETCATALOG_COMPILER_APPICON_NAME = AppIcon;
				ASSETCATALOG_COMPILER_GLOBAL_ACCENT_COLOR_NAME = AccentColor;
				CODE_SIGN_STYLE = Automatic;
				CURRENT_PROJECT_VERSION = 1;
				DEVELOPMENT_ASSET_PATHS = "\"Widget/Preview Content\"";
				ENABLE_PREVIEWS = YES;
				GENERATE_INFOPLIST_FILE = YES;
				INFOPLIST_KEY_UIApplicationSceneManifest_Generation = YES;
				INFOPLIST_KEY_UIApplicationSupportsIndirectInputEvents = YES;
				INFOPLIST_KEY_UILaunchScreen_Generation = YES;
				INFOPLIST_KEY_UISupportedInterfaceOrientations_iPad = "UIInterfaceOrientationPortrait UIInterfaceOrientationPortraitUpsideDown UIInterfaceOrientationLandscapeLeft UIInterfaceOrientationLandscapeRight";
				INFOPLIST_KEY_UISupportedInterfaceOrientations_iPhone = "UIInterfaceOrientationPortrait UIInterfaceOrientationLandscapeLeft UIInterfaceOrientationLandscapeRight";
				LD_RUNPATH_SEARCH_PATHS = (
					"$(inherited)",
					"@executable_path/Frameworks",
				);
				MARKETING_VERSION = 1.0;
				PRODUCT_BUNDLE_IDENTIFIER = "-.Widget";
				PRODUCT_NAME = "$(TARGET_NAME)";
				SWIFT_EMIT_LOC_STRINGS = YES;
				SWIFT_VERSION = 5.0;
				TARGETED_DEVICE_FAMILY = "1,2";
			};
			name = Release;
		};
		698C4EE92A690A9F0062ED55 /* Debug */ = {
			isa = XCBuildConfiguration;
			buildSettings = {
				ASSETCATALOG_COMPILER_GLOBAL_ACCENT_COLOR_NAME = AccentColor;
				ASSETCATALOG_COMPILER_WIDGET_BACKGROUND_COLOR_NAME = WidgetBackground;
				CODE_SIGN_STYLE = Automatic;
				CURRENT_PROJECT_VERSION = 1;
				GENERATE_INFOPLIST_FILE = YES;
				INFOPLIST_FILE = "NEƯ/Info.plist";
				INFOPLIST_KEY_CFBundleDisplayName = "NEƯ";
				INFOPLIST_KEY_NSHumanReadableCopyright = "";
				LD_RUNPATH_SEARCH_PATHS = (
					"$(inherited)",
					"@executable_path/Frameworks",
					"@executable_path/../../Frameworks",
				);
				MARKETING_VERSION = 1.0;
				PRODUCT_BUNDLE_IDENTIFIER = "-.Widget.NEU-";
				PRODUCT_NAME = "$(TARGET_NAME)";
				SKIP_INSTALL = YES;
				SWIFT_EMIT_LOC_STRINGS = YES;
				SWIFT_VERSION = 5.0;
				TARGETED_DEVICE_FAMILY = "1,2";
			};
			name = Debug;
		};
		698C4EEA2A690A9F0062ED55 /* Release */ = {
			isa = XCBuildConfiguration;
			buildSettings = {
				ASSETCATALOG_COMPILER_GLOBAL_ACCENT_COLOR_NAME = AccentColor;
				ASSETCATALOG_COMPILER_WIDGET_BACKGROUND_COLOR_NAME = WidgetBackground;
				CODE_SIGN_STYLE = Automatic;
				CURRENT_PROJECT_VERSION = 1;
				GENERATE_INFOPLIST_FILE = YES;
				INFOPLIST_FILE = "NEƯ/Info.plist";
				INFOPLIST_KEY_CFBundleDisplayName = "NEƯ";
				INFOPLIST_KEY_NSHumanReadableCopyright = "";
				LD_RUNPATH_SEARCH_PATHS = (
					"$(inherited)",
					"@executable_path/Frameworks",
					"@executable_path/../../Frameworks",
				);
				MARKETING_VERSION = 1.0;
				PRODUCT_BUNDLE_IDENTIFIER = "-.Widget.NEU-";
				PRODUCT_NAME = "$(TARGET_NAME)";
				SKIP_INSTALL = YES;
				SWIFT_EMIT_LOC_STRINGS = YES;
				SWIFT_VERSION = 5.0;
				TARGETED_DEVICE_FAMILY = "1,2";
			};
			name = Release;
		};
/* End XCBuildConfiguration section */

/* Begin XCConfigurationList section */
		698C4EB82A690A510062ED55 /* Build configuration list for PBXProject "Widget" */ = {
			isa = XCConfigurationList;
			buildConfigurations = (
				698C4EC92A690A530062ED55 /* Debug */,
				698C4ECA2A690A530062ED55 /* Release */,
			);
			defaultConfigurationIsVisible = 0;
			defaultConfigurationName = Release;
		};
		698C4ECB2A690A530062ED55 /* Build configuration list for PBXNativeTarget "Widget" */ = {
			isa = XCConfigurationList;
			buildConfigurations = (
				698C4ECC2A690A530062ED55 /* Debug */,
				698C4ECD2A690A530062ED55 /* Release */,
			);
			defaultConfigurationIsVisible = 0;
			defaultConfigurationName = Release;
		};
		698C4EE82A690A9F0062ED55 /* Build configuration list for PBXNativeTarget "NEƯExtension" */ = {
			isa = XCConfigurationList;
			buildConfigurations = (
				698C4EE92A690A9F0062ED55 /* Debug */,
				698C4EEA2A690A9F0062ED55 /* Release */,
			);
			defaultConfigurationIsVisible = 0;
			defaultConfigurationName = Release;
		};
/* End XCConfigurationList section */
	};
	rootObject = 698C4EB52A690A510062ED55 /* Project object */;
}
